// !$*UTF8*$!
{
	archiveVersion = 1;
	classes = {
	};
	objectVersion = 46;
	objects = {

/* Begin PBXBuildFile section */
		6A134A5A15E3CB8800191E26 /* UIKit.framework in Frameworks */ = {isa = PBXBuildFile; fileRef = 6A134A5915E3CB8800191E26 /* UIKit.framework */; };
		6A134A5C15E3CB8800191E26 /* Foundation.framework in Frameworks */ = {isa = PBXBuildFile; fileRef = 6A134A5B15E3CB8800191E26 /* Foundation.framework */; };
		6A134A5E15E3CB8800191E26 /* CoreGraphics.framework in Frameworks */ = {isa = PBXBuildFile; fileRef = 6A134A5D15E3CB8800191E26 /* CoreGraphics.framework */; };
		6A134A6415E3CB8800191E26 /* InfoPlist.strings in Resources */ = {isa = PBXBuildFile; fileRef = 6A134A6215E3CB8800191E26 /* InfoPlist.strings */; };
		6A134A6615E3CB8800191E26 /* main.m in Sources */ = {isa = PBXBuildFile; fileRef = 6A134A6515E3CB8800191E26 /* main.m */; };
		6A134A6A15E3CB8800191E26 /* PrincipalAppDelegate.m in Sources */ = {isa = PBXBuildFile; fileRef = 6A134A6915E3CB8800191E26 /* PrincipalAppDelegate.m */; };
		6A134A6D15E3CB8800191E26 /* MainStoryboard_iPhone.storyboard in Resources */ = {isa = PBXBuildFile; fileRef = 6A134A6B15E3CB8800191E26 /* MainStoryboard_iPhone.storyboard */; };
		6A134A7015E3CB8800191E26 /* MainStoryboard_iPad.storyboard in Resources */ = {isa = PBXBuildFile; fileRef = 6A134A6E15E3CB8800191E26 /* MainStoryboard_iPad.storyboard */; };
		6A134A7315E3CB8800191E26 /* PrincipalViewController.m in Sources */ = {isa = PBXBuildFile; fileRef = 6A134A7215E3CB8800191E26 /* PrincipalViewController.m */; };
/* End PBXBuildFile section */

/* Begin PBXFileReference section */
		6A134A5515E3CB8700191E26 /* Memoria.app */ = {isa = PBXFileReference; explicitFileType = wrapper.application; includeInIndex = 0; path = Memoria.app; sourceTree = BUILT_PRODUCTS_DIR; };
		6A134A5915E3CB8800191E26 /* UIKit.framework */ = {isa = PBXFileReference; lastKnownFileType = wrapper.framework; name = UIKit.framework; path = System/Library/Frameworks/UIKit.framework; sourceTree = SDKROOT; };
		6A134A5B15E3CB8800191E26 /* Foundation.framework */ = {isa = PBXFileReference; lastKnownFileType = wrapper.framework; name = Foundation.framework; path = System/Library/Frameworks/Foundation.framework; sourceTree = SDKROOT; };
		6A134A5D15E3CB8800191E26 /* CoreGraphics.framework */ = {isa = PBXFileReference; lastKnownFileType = wrapper.framework; name = CoreGraphics.framework; path = System/Library/Frameworks/CoreGraphics.framework; sourceTree = SDKROOT; };
		6A134A6115E3CB8800191E26 /* Memoria-Info.plist */ = {isa = PBXFileReference; lastKnownFileType = text.plist.xml; path = "Memoria-Info.plist"; sourceTree = "<group>"; };
		6A134A6315E3CB8800191E26 /* en */ = {isa = PBXFileReference; lastKnownFileType = text.plist.strings; name = en; path = en.lproj/InfoPlist.strings; sourceTree = "<group>"; };
		6A134A6515E3CB8800191E26 /* main.m */ = {isa = PBXFileReference; lastKnownFileType = sourcecode.c.objc; path = main.m; sourceTree = "<group>"; };
		6A134A6715E3CB8800191E26 /* Memoria-Prefix.pch */ = {isa = PBXFileReference; lastKnownFileType = sourcecode.c.h; path = "Memoria-Prefix.pch"; sourceTree = "<group>"; };
		6A134A6815E3CB8800191E26 /* PrincipalAppDelegate.h */ = {isa = PBXFileReference; lastKnownFileType = sourcecode.c.h; path = PrincipalAppDelegate.h; sourceTree = "<group>"; };
		6A134A6915E3CB8800191E26 /* PrincipalAppDelegate.m */ = {isa = PBXFileReference; lastKnownFileType = sourcecode.c.objc; path = PrincipalAppDelegate.m; sourceTree = "<group>"; };
		6A134A6C15E3CB8800191E26 /* en */ = {isa = PBXFileReference; lastKnownFileType = file.storyboard; name = en; path = en.lproj/MainStoryboard_iPhone.storyboard; sourceTree = "<group>"; };
		6A134A6F15E3CB8800191E26 /* en */ = {isa = PBXFileReference; lastKnownFileType = file.storyboard; name = en; path = en.lproj/MainStoryboard_iPad.storyboard; sourceTree = "<group>"; };
		6A134A7115E3CB8800191E26 /* PrincipalViewController.h */ = {isa = PBXFileReference; lastKnownFileType = sourcecode.c.h; path = PrincipalViewController.h; sourceTree = "<group>"; };
		6A134A7215E3CB8800191E26 /* PrincipalViewController.m */ = {isa = PBXFileReference; lastKnownFileType = sourcecode.c.objc; path = PrincipalViewController.m; sourceTree = "<group>"; };
/* End PBXFileReference section */

/* Begin PBXFrameworksBuildPhase section */
		6A134A5215E3CB8700191E26 /* Frameworks */ = {
			isa = PBXFrameworksBuildPhase;
			buildActionMask = 2147483647;
			files = (
				6A134A5A15E3CB8800191E26 /* UIKit.framework in Frameworks */,
				6A134A5C15E3CB8800191E26 /* Foundation.framework in Frameworks */,
				6A134A5E15E3CB8800191E26 /* CoreGraphics.framework in Frameworks */,
			);
			runOnlyForDeploymentPostprocessing = 0;
		};
/* End PBXFrameworksBuildPhase section */

/* Begin PBXGroup section */
		6A134A4A15E3CB8700191E26 = {
			isa = PBXGroup;
			children = (
				6A134A5F15E3CB8800191E26 /* Memoria */,
				6A134A5815E3CB8700191E26 /* Frameworks */,
				6A134A5615E3CB8700191E26 /* Products */,
			);
			sourceTree = "<group>";
		};
		6A134A5615E3CB8700191E26 /* Products */ = {
			isa = PBXGroup;
			children = (
				6A134A5515E3CB8700191E26 /* Memoria.app */,
			);
			name = Products;
			sourceTree = "<group>";
		};
		6A134A5815E3CB8700191E26 /* Frameworks */ = {
			isa = PBXGroup;
			children = (
				6A134A5915E3CB8800191E26 /* UIKit.framework */,
				6A134A5B15E3CB8800191E26 /* Foundation.framework */,
				6A134A5D15E3CB8800191E26 /* CoreGraphics.framework */,
			);
			name = Frameworks;
			sourceTree = "<group>";
		};
		6A134A5F15E3CB8800191E26 /* Memoria */ = {
			isa = PBXGroup;
			children = (
				6A134A6815E3CB8800191E26 /* PrincipalAppDelegate.h */,
				6A134A6915E3CB8800191E26 /* PrincipalAppDelegate.m */,
				6A134A6B15E3CB8800191E26 /* MainStoryboard_iPhone.storyboard */,
				6A134A6E15E3CB8800191E26 /* MainStoryboard_iPad.storyboard */,
				6A134A7115E3CB8800191E26 /* PrincipalViewController.h */,
				6A134A7215E3CB8800191E26 /* PrincipalViewController.m */,
				6A134A6015E3CB8800191E26 /* Supporting Files */,
			);
			path = Memoria;
			sourceTree = "<group>";
		};
		6A134A6015E3CB8800191E26 /* Supporting Files */ = {
			isa = PBXGroup;
			children = (
				6A134A6115E3CB8800191E26 /* Memoria-Info.plist */,
				6A134A6215E3CB8800191E26 /* InfoPlist.strings */,
				6A134A6515E3CB8800191E26 /* main.m */,
				6A134A6715E3CB8800191E26 /* Memoria-Prefix.pch */,
			);
			name = "Supporting Files";
			sourceTree = "<group>";
		};
/* End PBXGroup section */

/* Begin PBXNativeTarget section */
		6A134A5415E3CB8700191E26 /* Memoria */ = {
			isa = PBXNativeTarget;
			buildConfigurationList = 6A134A7615E3CB8800191E26 /* Build configuration list for PBXNativeTarget "Memoria" */;
			buildPhases = (
				6A134A5115E3CB8700191E26 /* Sources */,
				6A134A5215E3CB8700191E26 /* Frameworks */,
				6A134A5315E3CB8700191E26 /* Resources */,
			);
			buildRules = (
			);
			dependencies = (
			);
			name = Memoria;
			productName = Memoria;
			productReference = 6A134A5515E3CB8700191E26 /* Memoria.app */;
			productType = "com.apple.product-type.application";
		};
/* End PBXNativeTarget section */

/* Begin PBXProject section */
		6A134A4C15E3CB8700191E26 /* Project object */ = {
			isa = PBXProject;
			attributes = {
				CLASSPREFIX = Principal;
				LastUpgradeCheck = 0440;
				ORGANIZATIONNAME = "Rafael Brigagão Paulino";
			};
			buildConfigurationList = 6A134A4F15E3CB8700191E26 /* Build configuration list for PBXProject "Memoria" */;
			compatibilityVersion = "Xcode 3.2";
			developmentRegion = English;
			hasScannedForEncodings = 0;
			knownRegions = (
				en,
			);
			mainGroup = 6A134A4A15E3CB8700191E26;
			productRefGroup = 6A134A5615E3CB8700191E26 /* Products */;
			projectDirPath = "";
			projectRoot = "";
			targets = (
				6A134A5415E3CB8700191E26 /* Memoria */,
			);
		};
/* End PBXProject section */

/* Begin PBXResourcesBuildPhase section */
		6A134A5315E3CB8700191E26 /* Resources */ = {
			isa = PBXResourcesBuildPhase;
			buildActionMask = 2147483647;
			files = (
				6A134A6415E3CB8800191E26 /* InfoPlist.strings in Resources */,
				6A134A6D15E3CB8800191E26 /* MainStoryboard_iPhone.storyboard in Resources */,
				6A134A7015E3CB8800191E26 /* MainStoryboard_iPad.storyboard in Resources */,
			);
			runOnlyForDeploymentPostprocessing = 0;
		};
/* End PBXResourcesBuildPhase section */

/* Begin PBXSourcesBuildPhase section */
		6A134A5115E3CB8700191E26 /* Sources */ = {
			isa = PBXSourcesBuildPhase;
			buildActionMask = 2147483647;
			files = (
				6A134A6615E3CB8800191E26 /* main.m in Sources */,
				6A134A6A15E3CB8800191E26 /* PrincipalAppDelegate.m in Sources */,
				6A134A7315E3CB8800191E26 /* PrincipalViewController.m in Sources */,
			);
			runOnlyForDeploymentPostprocessing = 0;
		};
/* End PBXSourcesBuildPhase section */

/* Begin PBXVariantGroup section */
		6A134A6215E3CB8800191E26 /* InfoPlist.strings */ = {
			isa = PBXVariantGroup;
			children = (
				6A134A6315E3CB8800191E26 /* en */,
			);
			name = InfoPlist.strings;
			sourceTree = "<group>";
		};
		6A134A6B15E3CB8800191E26 /* MainStoryboard_iPhone.storyboard */ = {
			isa = PBXVariantGroup;
			children = (
				6A134A6C15E3CB8800191E26 /* en */,
			);
			name = MainStoryboard_iPhone.storyboard;
			sourceTree = "<group>";
		};
		6A134A6E15E3CB8800191E26 /* MainStoryboard_iPad.storyboard */ = {
			isa = PBXVariantGroup;
			children = (
				6A134A6F15E3CB8800191E26 /* en */,
			);
			name = MainStoryboard_iPad.storyboard;
			sourceTree = "<group>";
		};
/* End PBXVariantGroup section */

/* Begin XCBuildConfiguration section */
		6A134A7415E3CB8800191E26 /* Debug */ = {
			isa = XCBuildConfiguration;
			buildSettings = {
				ALWAYS_SEARCH_USER_PATHS = NO;
				ARCHS = "$(ARCHS_STANDARD_32_BIT)";
				CLANG_CXX_LANGUAGE_STANDARD = "gnu++0x";
				CLANG_WARN__DUPLICATE_METHOD_MATCH = YES;
				"CODE_SIGN_IDENTITY[sdk=iphoneos*]" = "iPhone Developer";
				COPY_PHASE_STRIP = NO;
				GCC_C_LANGUAGE_STANDARD = gnu99;
				GCC_DYNAMIC_NO_PIC = NO;
				GCC_OPTIMIZATION_LEVEL = 0;
				GCC_PREPROCESSOR_DEFINITIONS = (
					"DEBUG=1",
					"$(inherited)",
				);
				GCC_SYMBOLS_PRIVATE_EXTERN = NO;
				GCC_VERSION = com.apple.compilers.llvm.clang.1_0;
				GCC_WARN_ABOUT_RETURN_TYPE = YES;
				GCC_WARN_UNINITIALIZED_AUTOS = YES;
				GCC_WARN_UNUSED_VARIABLE = YES;
				IPHONEOS_DEPLOYMENT_TARGET = 5.1;
				SDKROOT = iphoneos;
				TARGETED_DEVICE_FAMILY = "1,2";
			};
			name = Debug;
		};
		6A134A7515E3CB8800191E26 /* Release */ = {
			isa = XCBuildConfiguration;
			buildSettings = {
				ALWAYS_SEARCH_USER_PATHS = NO;
				ARCHS = "$(ARCHS_STANDARD_32_BIT)";
				CLANG_CXX_LANGUAGE_STANDARD = "gnu++0x";
				CLANG_WARN__DUPLICATE_METHOD_MATCH = YES;
				"CODE_SIGN_IDENTITY[sdk=iphoneos*]" = "iPhone Developer";
				COPY_PHASE_STRIP = YES;
				GCC_C_LANGUAGE_STANDARD = gnu99;
				GCC_VERSION = com.apple.compilers.llvm.clang.1_0;
				GCC_WARN_ABOUT_RETURN_TYPE = YES;
				GCC_WARN_UNINITIALIZED_AUTOS = YES;
				GCC_WARN_UNUSED_VARIABLE = YES;
				IPHONEOS_DEPLOYMENT_TARGET = 5.1;
				OTHER_CFLAGS = "-DNS_BLOCK_ASSERTIONS=1";
				SDKROOT = iphoneos;
				TARGETED_DEVICE_FAMILY = "1,2";
				VALIDATE_PRODUCT = YES;
			};
			name = Release;
		};
		6A134A7715E3CB8800191E26 /* Debug */ = {
			isa = XCBuildConfiguration;
			buildSettings = {
				GCC_PRECOMPILE_PREFIX_HEADER = YES;
				GCC_PREFIX_HEADER = "Memoria/Memoria-Prefix.pch";
				INFOPLIST_FILE = "Memoria/Memoria-Info.plist";
				PRODUCT_NAME = "$(TARGET_NAME)";
				WRAPPER_EXTENSION = app;
			};
			name = Debug;
		};
		6A134A7815E3CB8800191E26 /* Release */ = {
			isa = XCBuildConfiguration;
			buildSettings = {
				GCC_PRECOMPILE_PREFIX_HEADER = YES;
				GCC_PREFIX_HEADER = "Memoria/Memoria-Prefix.pch";
				INFOPLIST_FILE = "Memoria/Memoria-Info.plist";
				PRODUCT_NAME = "$(TARGET_NAME)";
				WRAPPER_EXTENSION = app;
			};
			name = Release;
		};
/* End XCBuildConfiguration section */

/* Begin XCConfigurationList section */
		6A134A4F15E3CB8700191E26 /* Build configuration list for PBXProject "Memoria" */ = {
			isa = XCConfigurationList;
			buildConfigurations = (
				6A134A7415E3CB8800191E26 /* Debug */,
				6A134A7515E3CB8800191E26 /* Release */,
			);
			defaultConfigurationIsVisible = 0;
			defaultConfigurationName = Release;
		};
		6A134A7615E3CB8800191E26 /* Build configuration list for PBXNativeTarget "Memoria" */ = {
			isa = XCConfigurationList;
			buildConfigurations = (
				6A134A7715E3CB8800191E26 /* Debug */,
				6A134A7815E3CB8800191E26 /* Release */,
			);
			defaultConfigurationIsVisible = 0;
		};
/* End XCConfigurationList section */
	};
	rootObject = 6A134A4C15E3CB8700191E26 /* Project object */;
}
